// !$*UTF8*$!
{
	archiveVersion = 1;
	classes = {
	};
	objectVersion = 77;
	objects = {

/* Begin PBXBuildFile section */
		43E69FD72EBAAB6500519EE9 /* AppDelegate.swift in Sources */ = {isa = PBXBuildFile; fileRef = 43E69FD62EBAAB6500519EE9 /* AppDelegate.swift */; };
		43E69FDB2EBAAB6500519EE9 /* Main.html in Resources */ = {isa = PBXBuildFile; fileRef = 43E69FD92EBAAB6500519EE9 /* Main.html */; };
		43E69FDD2EBAAB6500519EE9 /* Icon.png in Resources */ = {isa = PBXBuildFile; fileRef = 43E69FDC2EBAAB6500519EE9 /* Icon.png */; };
		43E69FDF2EBAAB6500519EE9 /* Style.css in Resources */ = {isa = PBXBuildFile; fileRef = 43E69FDE2EBAAB6500519EE9 /* Style.css */; };
		43E69FE12EBAAB6500519EE9 /* SceneDelegate.swift in Sources */ = {isa = PBXBuildFile; fileRef = 43E69FE02EBAAB6500519EE9 /* SceneDelegate.swift */; };
		43E69FE32EBAAB6500519EE9 /* ViewController.swift in Sources */ = {isa = PBXBuildFile; fileRef = 43E69FE22EBAAB6500519EE9 /* ViewController.swift */; };
		43E69FE62EBAAB6500519EE9 /* LaunchScreen.storyboard in Resources */ = {isa = PBXBuildFile; fileRef = 43E69FE42EBAAB6500519EE9 /* LaunchScreen.storyboard */; };
		43E69FE92EBAAB6500519EE9 /* Main.storyboard in Resources */ = {isa = PBXBuildFile; fileRef = 43E69FE72EBAAB6500519EE9 /* Main.storyboard */; };
		43E69FF52EBAAB6800519EE9 /* SignInPromptBlockerTests.swift in Sources */ = {isa = PBXBuildFile; fileRef = 43E69FF42EBAAB6800519EE9 /* SignInPromptBlockerTests.swift */; };
		43E69FFF2EBAAB6800519EE9 /* SignInPromptBlockerUITests.swift in Sources */ = {isa = PBXBuildFile; fileRef = 43E69FFE2EBAAB6800519EE9 /* SignInPromptBlockerUITests.swift */; };
		43E6A0012EBAAB6800519EE9 /* SignInPromptBlockerUITestsLaunchTests.swift in Sources */ = {isa = PBXBuildFile; fileRef = 43E6A0002EBAAB6800519EE9 /* SignInPromptBlockerUITestsLaunchTests.swift */; };
		43E6A0072EBAAB6800519EE9 /* SignInPromptBlocker Extension.appex in Embed Foundation Extensions */ = {isa = PBXBuildFile; fileRef = 43E6A0062EBAAB6800519EE9 /* SignInPromptBlocker Extension.appex */; settings = {ATTRIBUTES = (RemoveHeadersOnCopy, ); }; };
		43E6A00C2EBAAB6800519EE9 /* SafariWebExtensionHandler.swift in Sources */ = {isa = PBXBuildFile; fileRef = 43E6A00B2EBAAB6800519EE9 /* SafariWebExtensionHandler.swift */; };
		43E6A00E2EBAAB6800519EE9 /* Assets.xcassets in Resources */ = {isa = PBXBuildFile; fileRef = 43E69FEA2EBAAB6800519EE9 /* Assets.xcassets */; };
		43E6A0242EBAAB6800519EE9 /* styles.css in Resources */ = {isa = PBXBuildFile; fileRef = 43E6A01F2EBAAB6800519EE9 /* styles.css */; };
		43E6A0252EBAAB6800519EE9 /* icons in Resources */ = {isa = PBXBuildFile; fileRef = 43E6A0202EBAAB6800519EE9 /* icons */; };
		43E6A0262EBAAB6800519EE9 /* manifest.json in Resources */ = {isa = PBXBuildFile; fileRef = 43E6A0212EBAAB6800519EE9 /* manifest.json */; };
		43E6A0272EBAAB6800519EE9 /* options.html in Resources */ = {isa = PBXBuildFile; fileRef = 43E6A0222EBAAB6800519EE9 /* options.html */; };
		43E6A0282EBAAB6800519EE9 /* content.js in Resources */ = {isa = PBXBuildFile; fileRef = 43E6A0232EBAAB6800519EE9 /* content.js */; };
/* End PBXBuildFile section */

/* Begin PBXContainerItemProxy section */
		43E69FF12EBAAB6800519EE9 /* PBXContainerItemProxy */ = {
			isa = PBXContainerItemProxy;
			containerPortal = 43E69FCB2EBAAB6500519EE9 /* Project object */;
			proxyType = 1;
			remoteGlobalIDString = 43E69FD22EBAAB6500519EE9;
			remoteInfo = SignInPromptBlocker;
		};
		43E69FFB2EBAAB6800519EE9 /* PBXContainerItemProxy */ = {
			isa = PBXContainerItemProxy;
			containerPortal = 43E69FCB2EBAAB6500519EE9 /* Project object */;
			proxyType = 1;
			remoteGlobalIDString = 43E69FD22EBAAB6500519EE9;
			remoteInfo = SignInPromptBlocker;
		};
		43E6A0082EBAAB6800519EE9 /* PBXContainerItemProxy */ = {
			isa = PBXContainerItemProxy;
			containerPortal = 43E69FCB2EBAAB6500519EE9 /* Project object */;
			proxyType = 1;
			remoteGlobalIDString = 43E6A0052EBAAB6800519EE9;
			remoteInfo = "SignInPromptBlocker Extension";
		};
/* End PBXContainerItemProxy section */

/* Begin PBXCopyFilesBuildPhase section */
		43E6A0142EBAAB6800519EE9 /* Embed Foundation Extensions */ = {
			isa = PBXCopyFilesBuildPhase;
			buildActionMask = 2147483647;
			dstPath = "";
			dstSubfolderSpec = 13;
			files = (
				43E6A0072EBAAB6800519EE9 /* SignInPromptBlocker Extension.appex in Embed Foundation Extensions */,
			);
			name = "Embed Foundation Extensions";
			runOnlyForDeploymentPostprocessing = 0;
		};
/* End PBXCopyFilesBuildPhase section */

/* Begin PBXFileReference section */
		43E69FD32EBAAB6500519EE9 /* SignInPromptBlocker.app */ = {isa = PBXFileReference; explicitFileType = wrapper.application; includeInIndex = 0; path = SignInPromptBlocker.app; sourceTree = BUILT_PRODUCTS_DIR; };
		43E69FD62EBAAB6500519EE9 /* AppDelegate.swift */ = {isa = PBXFileReference; lastKnownFileType = sourcecode.swift; path = AppDelegate.swift; sourceTree = "<group>"; };
		43E69FDA2EBAAB6500519EE9 /* Base */ = {isa = PBXFileReference; lastKnownFileType = text.html; name = Base; path = Base.lproj/Main.html; sourceTree = "<group>"; };
		43E69FDC2EBAAB6500519EE9 /* Icon.png */ = {isa = PBXFileReference; lastKnownFileType = image.png; path = Icon.png; sourceTree = "<group>"; };
		43E69FDE2EBAAB6500519EE9 /* Style.css */ = {isa = PBXFileReference; lastKnownFileType = text.css; path = Style.css; sourceTree = "<group>"; };
		43E69FE02EBAAB6500519EE9 /* SceneDelegate.swift */ = {isa = PBXFileReference; lastKnownFileType = sourcecode.swift; path = SceneDelegate.swift; sourceTree = "<group>"; };
		43E69FE22EBAAB6500519EE9 /* ViewController.swift */ = {isa = PBXFileReference; lastKnownFileType = sourcecode.swift; path = ViewController.swift; sourceTree = "<group>"; };
		43E69FE52EBAAB6500519EE9 /* Base */ = {isa = PBXFileReference; lastKnownFileType = file.storyboard; name = Base; path = Base.lproj/LaunchScreen.storyboard; sourceTree = "<group>"; };
		43E69FE82EBAAB6500519EE9 /* Base */ = {isa = PBXFileReference; lastKnownFileType = file.storyboard; name = Base; path = Base.lproj/Main.storyboard; sourceTree = "<group>"; };
		43E69FEA2EBAAB6800519EE9 /* Assets.xcassets */ = {isa = PBXFileReference; lastKnownFileType = folder.assetcatalog; path = Assets.xcassets; sourceTree = "<group>"; };
		43E69FEB2EBAAB6800519EE9 /* Info.plist */ = {isa = PBXFileReference; lastKnownFileType = text.plist.xml; path = Info.plist; sourceTree = "<group>"; };
		43E69FF02EBAAB6800519EE9 /* SignInPromptBlockerTests.xctest */ = {isa = PBXFileReference; explicitFileType = wrapper.cfbundle; includeInIndex = 0; path = SignInPromptBlockerTests.xctest; sourceTree = BUILT_PRODUCTS_DIR; };
		43E69FF42EBAAB6800519EE9 /* SignInPromptBlockerTests.swift */ = {isa = PBXFileReference; lastKnownFileType = sourcecode.swift; path = SignInPromptBlockerTests.swift; sourceTree = "<group>"; };
		43E69FFA2EBAAB6800519EE9 /* SignInPromptBlockerUITests.xctest */ = {isa = PBXFileReference; explicitFileType = wrapper.cfbundle; includeInIndex = 0; path = SignInPromptBlockerUITests.xctest; sourceTree = BUILT_PRODUCTS_DIR; };
		43E69FFE2EBAAB6800519EE9 /* SignInPromptBlockerUITests.swift */ = {isa = PBXFileReference; lastKnownFileType = sourcecode.swift; path = SignInPromptBlockerUITests.swift; sourceTree = "<group>"; };
		43E6A0002EBAAB6800519EE9 /* SignInPromptBlockerUITestsLaunchTests.swift */ = {isa = PBXFileReference; lastKnownFileType = sourcecode.swift; path = SignInPromptBlockerUITestsLaunchTests.swift; sourceTree = "<group>"; };
		43E6A0062EBAAB6800519EE9 /* SignInPromptBlocker Extension.appex */ = {isa = PBXFileReference; explicitFileType = "wrapper.app-extension"; includeInIndex = 0; path = "SignInPromptBlocker Extension.appex"; sourceTree = BUILT_PRODUCTS_DIR; };
		43E6A00B2EBAAB6800519EE9 /* SafariWebExtensionHandler.swift */ = {isa = PBXFileReference; lastKnownFileType = sourcecode.swift; path = SafariWebExtensionHandler.swift; sourceTree = "<group>"; };
		43E6A00D2EBAAB6800519EE9 /* Info.plist */ = {isa = PBXFileReference; lastKnownFileType = text.plist.xml; path = Info.plist; sourceTree = "<group>"; };
		43E6A01F2EBAAB6800519EE9 /* styles.css */ = {isa = PBXFileReference; lastKnownFileType = text.css; name = styles.css; path = ../../../extension/styles.css; sourceTree = "<group>"; };
		43E6A0202EBAAB6800519EE9 /* icons */ = {isa = PBXFileReference; lastKnownFileType = folder; name = icons; path = ../../../extension/icons; sourceTree = "<group>"; };
		43E6A0212EBAAB6800519EE9 /* manifest.json */ = {isa = PBXFileReference; lastKnownFileType = text.json; name = manifest.json; path = ../../../extension/manifest.json; sourceTree = "<group>"; };
		43E6A0222EBAAB6800519EE9 /* options.html */ = {isa = PBXFileReference; lastKnownFileType = text.html; name = options.html; path = ../../../extension/options.html; sourceTree = "<group>"; };
		43E6A0232EBAAB6800519EE9 /* content.js */ = {isa = PBXFileReference; lastKnownFileType = sourcecode.javascript; name = content.js; path = ../../../extension/content.js; sourceTree = "<group>"; };
/* End PBXFileReference section */

/* Begin PBXFrameworksBuildPhase section */
		43E69FD02EBAAB6500519EE9 /* Frameworks */ = {
			isa = PBXFrameworksBuildPhase;
			buildActionMask = 2147483647;
			files = (
			);
			runOnlyForDeploymentPostprocessing = 0;
		};
		43E69FED2EBAAB6800519EE9 /* Frameworks */ = {
			isa = PBXFrameworksBuildPhase;
			buildActionMask = 2147483647;
			files = (
			);
			runOnlyForDeploymentPostprocessing = 0;
		};
		43E69FF72EBAAB6800519EE9 /* Frameworks */ = {
			isa = PBXFrameworksBuildPhase;
			buildActionMask = 2147483647;
			files = (
			);
			runOnlyForDeploymentPostprocessing = 0;
		};
		43E6A0032EBAAB6800519EE9 /* Frameworks */ = {
			isa = PBXFrameworksBuildPhase;
			buildActionMask = 2147483647;
			files = (
			);
			runOnlyForDeploymentPostprocessing = 0;
		};
/* End PBXFrameworksBuildPhase section */

/* Begin PBXGroup section */
		43E69FCA2EBAAB6500519EE9 = {
			isa = PBXGroup;
			children = (
				43E69FD52EBAAB6500519EE9 /* SignInPromptBlocker */,
				43E69FF32EBAAB6800519EE9 /* SignInPromptBlockerTests */,
				43E69FFD2EBAAB6800519EE9 /* SignInPromptBlockerUITests */,
				43E6A00A2EBAAB6800519EE9 /* SignInPromptBlocker Extension */,
				43E69FD42EBAAB6500519EE9 /* Products */,
			);
			sourceTree = "<group>";
		};
		43E69FD42EBAAB6500519EE9 /* Products */ = {
			isa = PBXGroup;
			children = (
				43E69FD32EBAAB6500519EE9 /* SignInPromptBlocker.app */,
				43E69FF02EBAAB6800519EE9 /* SignInPromptBlockerTests.xctest */,
				43E69FFA2EBAAB6800519EE9 /* SignInPromptBlockerUITests.xctest */,
				43E6A0062EBAAB6800519EE9 /* SignInPromptBlocker Extension.appex */,
			);
			name = Products;
			sourceTree = "<group>";
		};
		43E69FD52EBAAB6500519EE9 /* SignInPromptBlocker */ = {
			isa = PBXGroup;
			children = (
				43E69FD62EBAAB6500519EE9 /* AppDelegate.swift */,
				43E69FE02EBAAB6500519EE9 /* SceneDelegate.swift */,
				43E69FE22EBAAB6500519EE9 /* ViewController.swift */,
				43E69FE42EBAAB6500519EE9 /* LaunchScreen.storyboard */,
				43E69FE72EBAAB6500519EE9 /* Main.storyboard */,
				43E69FEA2EBAAB6800519EE9 /* Assets.xcassets */,
				43E69FEB2EBAAB6800519EE9 /* Info.plist */,
				43E69FD82EBAAB6500519EE9 /* Resources */,
			);
			path = SignInPromptBlocker;
			sourceTree = "<group>";
		};
		43E69FD82EBAAB6500519EE9 /* Resources */ = {
			isa = PBXGroup;
			children = (
				43E69FD92EBAAB6500519EE9 /* Main.html */,
				43E69FDC2EBAAB6500519EE9 /* Icon.png */,
				43E69FDE2EBAAB6500519EE9 /* Style.css */,
			);
			path = Resources;
			sourceTree = "<group>";
		};
		43E69FF32EBAAB6800519EE9 /* SignInPromptBlockerTests */ = {
			isa = PBXGroup;
			children = (
				43E69FF42EBAAB6800519EE9 /* SignInPromptBlockerTests.swift */,
			);
			path = SignInPromptBlockerTests;
			sourceTree = "<group>";
		};
		43E69FFD2EBAAB6800519EE9 /* SignInPromptBlockerUITests */ = {
			isa = PBXGroup;
			children = (
				43E69FFE2EBAAB6800519EE9 /* SignInPromptBlockerUITests.swift */,
				43E6A0002EBAAB6800519EE9 /* SignInPromptBlockerUITestsLaunchTests.swift */,
			);
			path = SignInPromptBlockerUITests;
			sourceTree = "<group>";
		};
		43E6A00A2EBAAB6800519EE9 /* SignInPromptBlocker Extension */ = {
			isa = PBXGroup;
			children = (
				43E6A01E2EBAAB6800519EE9 /* Resources */,
				43E6A00B2EBAAB6800519EE9 /* SafariWebExtensionHandler.swift */,
				43E6A00D2EBAAB6800519EE9 /* Info.plist */,
			);
			path = "SignInPromptBlocker Extension";
			sourceTree = "<group>";
		};
		43E6A01E2EBAAB6800519EE9 /* Resources */ = {
			isa = PBXGroup;
			children = (
				43E6A01F2EBAAB6800519EE9 /* styles.css */,
				43E6A0202EBAAB6800519EE9 /* icons */,
				43E6A0212EBAAB6800519EE9 /* manifest.json */,
				43E6A0222EBAAB6800519EE9 /* options.html */,
				43E6A0232EBAAB6800519EE9 /* content.js */,
			);
			name = Resources;
			path = "SignInPromptBlocker Extension";
			sourceTree = SOURCE_ROOT;
		};
/* End PBXGroup section */

/* Begin PBXNativeTarget section */
		43E69FD22EBAAB6500519EE9 /* SignInPromptBlocker */ = {
			isa = PBXNativeTarget;
			buildConfigurationList = 43E6A0152EBAAB6800519EE9 /* Build configuration list for PBXNativeTarget "SignInPromptBlocker" */;
			buildPhases = (
				43E69FCF2EBAAB6500519EE9 /* Sources */,
				43E69FD02EBAAB6500519EE9 /* Frameworks */,
				43E69FD12EBAAB6500519EE9 /* Resources */,
				43E6A0142EBAAB6800519EE9 /* Embed Foundation Extensions */,
			);
			buildRules = (
			);
			dependencies = (
				43E6A0092EBAAB6800519EE9 /* PBXTargetDependency */,
			);
			name = SignInPromptBlocker;
			packageProductDependencies = (
			);
			productName = SignInPromptBlocker;
			productReference = 43E69FD32EBAAB6500519EE9 /* SignInPromptBlocker.app */;
			productType = "com.apple.product-type.application";
		};
		43E69FEF2EBAAB6800519EE9 /* SignInPromptBlockerTests */ = {
			isa = PBXNativeTarget;
			buildConfigurationList = 43E6A0182EBAAB6800519EE9 /* Build configuration list for PBXNativeTarget "SignInPromptBlockerTests" */;
			buildPhases = (
				43E69FEC2EBAAB6800519EE9 /* Sources */,
				43E69FED2EBAAB6800519EE9 /* Frameworks */,
				43E69FEE2EBAAB6800519EE9 /* Resources */,
			);
			buildRules = (
			);
			dependencies = (
				43E69FF22EBAAB6800519EE9 /* PBXTargetDependency */,
			);
			name = SignInPromptBlockerTests;
			packageProductDependencies = (
			);
			productName = SignInPromptBlockerTests;
			productReference = 43E69FF02EBAAB6800519EE9 /* SignInPromptBlockerTests.xctest */;
			productType = "com.apple.product-type.bundle.unit-test";
		};
		43E69FF92EBAAB6800519EE9 /* SignInPromptBlockerUITests */ = {
			isa = PBXNativeTarget;
			buildConfigurationList = 43E6A01B2EBAAB6800519EE9 /* Build configuration list for PBXNativeTarget "SignInPromptBlockerUITests" */;
			buildPhases = (
				43E69FF62EBAAB6800519EE9 /* Sources */,
				43E69FF72EBAAB6800519EE9 /* Frameworks */,
				43E69FF82EBAAB6800519EE9 /* Resources */,
			);
			buildRules = (
			);
			dependencies = (
				43E69FFC2EBAAB6800519EE9 /* PBXTargetDependency */,
			);
			name = SignInPromptBlockerUITests;
			packageProductDependencies = (
			);
			productName = SignInPromptBlockerUITests;
			productReference = 43E69FFA2EBAAB6800519EE9 /* SignInPromptBlockerUITests.xctest */;
			productType = "com.apple.product-type.bundle.ui-testing";
		};
		43E6A0052EBAAB6800519EE9 /* SignInPromptBlocker Extension */ = {
			isa = PBXNativeTarget;
			buildConfigurationList = 43E6A0112EBAAB6800519EE9 /* Build configuration list for PBXNativeTarget "SignInPromptBlocker Extension" */;
			buildPhases = (
				43E6A0022EBAAB6800519EE9 /* Sources */,
				43E6A0032EBAAB6800519EE9 /* Frameworks */,
				43E6A0042EBAAB6800519EE9 /* Resources */,
			);
			buildRules = (
			);
			dependencies = (
			);
			name = "SignInPromptBlocker Extension";
			packageProductDependencies = (
			);
			productName = "SignInPromptBlocker Extension";
			productReference = 43E6A0062EBAAB6800519EE9 /* SignInPromptBlocker Extension.appex */;
			productType = "com.apple.product-type.app-extension";
		};
/* End PBXNativeTarget section */

/* Begin PBXProject section */
		43E69FCB2EBAAB6500519EE9 /* Project object */ = {
			isa = PBXProject;
			attributes = {
				BuildIndependentTargetsInParallel = 1;
				LastSwiftUpdateCheck = 1640;
				LastUpgradeCheck = 1640;
				TargetAttributes = {
					43E69FD22EBAAB6500519EE9 = {
						CreatedOnToolsVersion = 16.4;
					};
					43E69FEF2EBAAB6800519EE9 = {
						CreatedOnToolsVersion = 16.4;
						TestTargetID = 43E69FD22EBAAB6500519EE9;
					};
					43E69FF92EBAAB6800519EE9 = {
						CreatedOnToolsVersion = 16.4;
						TestTargetID = 43E69FD22EBAAB6500519EE9;
					};
					43E6A0052EBAAB6800519EE9 = {
						CreatedOnToolsVersion = 16.4;
					};
				};
			};
			buildConfigurationList = 43E69FCE2EBAAB6500519EE9 /* Build configuration list for PBXProject "SignInPromptBlocker" */;
			developmentRegion = en;
			hasScannedForEncodings = 0;
			knownRegions = (
				en,
				Base,
			);
			mainGroup = 43E69FCA2EBAAB6500519EE9;
			minimizedProjectReferenceProxies = 1;
			preferredProjectObjectVersion = 77;
			productRefGroup = 43E69FD42EBAAB6500519EE9 /* Products */;
			projectDirPath = "";
			projectRoot = "";
			targets = (
				43E69FD22EBAAB6500519EE9 /* SignInPromptBlocker */,
				43E69FEF2EBAAB6800519EE9 /* SignInPromptBlockerTests */,
				43E69FF92EBAAB6800519EE9 /* SignInPromptBlockerUITests */,
				43E6A0052EBAAB6800519EE9 /* SignInPromptBlocker Extension */,
			);
		};
/* End PBXProject section */

/* Begin PBXResourcesBuildPhase section */
		43E69FD12EBAAB6500519EE9 /* Resources */ = {
			isa = PBXResourcesBuildPhase;
			buildActionMask = 2147483647;
			files = (
				43E69FDD2EBAAB6500519EE9 /* Icon.png in Resources */,
				43E69FE92EBAAB6500519EE9 /* Main.storyboard in Resources */,
				43E69FE62EBAAB6500519EE9 /* LaunchScreen.storyboard in Resources */,
				43E69FDB2EBAAB6500519EE9 /* Main.html in Resources */,
				43E6A00E2EBAAB6800519EE9 /* Assets.xcassets in Resources */,
				43E69FDF2EBAAB6500519EE9 /* Style.css in Resources */,
			);
			runOnlyForDeploymentPostprocessing = 0;
		};
		43E69FEE2EBAAB6800519EE9 /* Resources */ = {
			isa = PBXResourcesBuildPhase;
			buildActionMask = 2147483647;
			files = (
			);
			runOnlyForDeploymentPostprocessing = 0;
		};
		43E69FF82EBAAB6800519EE9 /* Resources */ = {
			isa = PBXResourcesBuildPhase;
			buildActionMask = 2147483647;
			files = (
			);
			runOnlyForDeploymentPostprocessing = 0;
		};
		43E6A0042EBAAB6800519EE9 /* Resources */ = {
			isa = PBXResourcesBuildPhase;
			buildActionMask = 2147483647;
			files = (
				43E6A0242EBAAB6800519EE9 /* styles.css in Resources */,
				43E6A0262EBAAB6800519EE9 /* manifest.json in Resources */,
				43E6A0252EBAAB6800519EE9 /* icons in Resources */,
				43E6A0272EBAAB6800519EE9 /* options.html in Resources */,
				43E6A0282EBAAB6800519EE9 /* content.js in Resources */,
			);
			runOnlyForDeploymentPostprocessing = 0;
		};
/* End PBXResourcesBuildPhase section */

/* Begin PBXSourcesBuildPhase section */
		43E69FCF2EBAAB6500519EE9 /* Sources */ = {
			isa = PBXSourcesBuildPhase;
			buildActionMask = 2147483647;
			files = (
				43E69FE32EBAAB6500519EE9 /* ViewController.swift in Sources */,
				43E69FD72EBAAB6500519EE9 /* AppDelegate.swift in Sources */,
				43E69FE12EBAAB6500519EE9 /* SceneDelegate.swift in Sources */,
			);
			runOnlyForDeploymentPostprocessing = 0;
		};
		43E69FEC2EBAAB6800519EE9 /* Sources */ = {
			isa = PBXSourcesBuildPhase;
			buildActionMask = 2147483647;
			files = (
				43E69FF52EBAAB6800519EE9 /* SignInPromptBlockerTests.swift in Sources */,
			);
			runOnlyForDeploymentPostprocessing = 0;
		};
		43E69FF62EBAAB6800519EE9 /* Sources */ = {
			isa = PBXSourcesBuildPhase;
			buildActionMask = 2147483647;
			files = (
				43E69FFF2EBAAB6800519EE9 /* SignInPromptBlockerUITests.swift in Sources */,
				43E6A0012EBAAB6800519EE9 /* SignInPromptBlockerUITestsLaunchTests.swift in Sources */,
			);
			runOnlyForDeploymentPostprocessing = 0;
		};
		43E6A0022EBAAB6800519EE9 /* Sources */ = {
			isa = PBXSourcesBuildPhase;
			buildActionMask = 2147483647;
			files = (
				43E6A00C2EBAAB6800519EE9 /* SafariWebExtensionHandler.swift in Sources */,
			);
			runOnlyForDeploymentPostprocessing = 0;
		};
/* End PBXSourcesBuildPhase section */

/* Begin PBXTargetDependency section */
		43E69FF22EBAAB6800519EE9 /* PBXTargetDependency */ = {
			isa = PBXTargetDependency;
			target = 43E69FD22EBAAB6500519EE9 /* SignInPromptBlocker */;
			targetProxy = 43E69FF12EBAAB6800519EE9 /* PBXContainerItemProxy */;
		};
		43E69FFC2EBAAB6800519EE9 /* PBXTargetDependency */ = {
			isa = PBXTargetDependency;
			target = 43E69FD22EBAAB6500519EE9 /* SignInPromptBlocker */;
			targetProxy = 43E69FFB2EBAAB6800519EE9 /* PBXContainerItemProxy */;
		};
		43E6A0092EBAAB6800519EE9 /* PBXTargetDependency */ = {
			isa = PBXTargetDependency;
			target = 43E6A0052EBAAB6800519EE9 /* SignInPromptBlocker Extension */;
			targetProxy = 43E6A0082EBAAB6800519EE9 /* PBXContainerItemProxy */;
		};
/* End PBXTargetDependency section */

/* Begin PBXVariantGroup section */
		43E69FD92EBAAB6500519EE9 /* Main.html */ = {
			isa = PBXVariantGroup;
			children = (
				43E69FDA2EBAAB6500519EE9 /* Base */,
			);
			name = Main.html;
			sourceTree = "<group>";
		};
		43E69FE42EBAAB6500519EE9 /* LaunchScreen.storyboard */ = {
			isa = PBXVariantGroup;
			children = (
				43E69FE52EBAAB6500519EE9 /* Base */,
			);
			name = LaunchScreen.storyboard;
			sourceTree = "<group>";
		};
		43E69FE72EBAAB6500519EE9 /* Main.storyboard */ = {
			isa = PBXVariantGroup;
			children = (
				43E69FE82EBAAB6500519EE9 /* Base */,
			);
			name = Main.storyboard;
			sourceTree = "<group>";
		};
/* End PBXVariantGroup section */

/* Begin XCBuildConfiguration section */
		43E6A00F2EBAAB6800519EE9 /* Debug */ = {
			isa = XCBuildConfiguration;
			buildSettings = {
				ALWAYS_SEARCH_USER_PATHS = NO;
				ASSETCATALOG_COMPILER_GENERATE_SWIFT_ASSET_SYMBOL_EXTENSIONS = YES;
				CLANG_ANALYZER_NONNULL = YES;
				CLANG_ANALYZER_NUMBER_OBJECT_CONVERSION = YES_AGGRESSIVE;
				CLANG_CXX_LANGUAGE_STANDARD = "gnu++20";
				CLANG_ENABLE_MODULES = YES;
				CLANG_ENABLE_OBJC_ARC = YES;
				CLANG_ENABLE_OBJC_WEAK = YES;
				CLANG_WARN_BLOCK_CAPTURE_AUTORELEASING = YES;
				CLANG_WARN_BOOL_CONVERSION = YES;
				CLANG_WARN_COMMA = YES;
				CLANG_WARN_CONSTANT_CONVERSION = YES;
				CLANG_WARN_DEPRECATED_OBJC_IMPLEMENTATIONS = YES;
				CLANG_WARN_DIRECT_OBJC_ISA_USAGE = YES_ERROR;
				CLANG_WARN_DOCUMENTATION_COMMENTS = YES;
				CLANG_WARN_EMPTY_BODY = YES;
				CLANG_WARN_ENUM_CONVERSION = YES;
				CLANG_WARN_INFINITE_RECURSION = YES;
				CLANG_WARN_INT_CONVERSION = YES;
				CLANG_WARN_NON_LITERAL_NULL_CONVERSION = YES;
				CLANG_WARN_OBJC_IMPLICIT_RETAIN_SELF = YES;
				CLANG_WARN_OBJC_LITERAL_CONVERSION = YES;
				CLANG_WARN_OBJC_ROOT_CLASS = YES_ERROR;
				CLANG_WARN_QUOTED_INCLUDE_IN_FRAMEWORK_HEADER = YES;
				CLANG_WARN_RANGE_LOOP_ANALYSIS = YES;
				CLANG_WARN_STRICT_PROTOTYPES = YES;
				CLANG_WARN_SUSPICIOUS_MOVE = YES;
				CLANG_WARN_UNGUARDED_AVAILABILITY = YES_AGGRESSIVE;
				CLANG_WARN_UNREACHABLE_CODE = YES;
				CLANG_WARN__DUPLICATE_METHOD_MATCH = YES;
				COPY_PHASE_STRIP = NO;
				DEBUG_INFORMATION_FORMAT = dwarf;
				ENABLE_STRICT_OBJC_MSGSEND = YES;
				ENABLE_TESTABILITY = YES;
				ENABLE_USER_SCRIPT_SANDBOXING = YES;
				GCC_C_LANGUAGE_STANDARD = gnu17;
				GCC_DYNAMIC_NO_PIC = NO;
				GCC_NO_COMMON_BLOCKS = YES;
				GCC_OPTIMIZATION_LEVEL = 0;
				GCC_PREPROCESSOR_DEFINITIONS = (
					"DEBUG=1",
					"$(inherited)",
				);
				GCC_WARN_64_TO_32_BIT_CONVERSION = YES;
				GCC_WARN_ABOUT_RETURN_TYPE = YES_ERROR;
				GCC_WARN_UNDECLARED_SELECTOR = YES;
				GCC_WARN_UNINITIALIZED_AUTOS = YES_AGGRESSIVE;
				GCC_WARN_UNUSED_FUNCTION = YES;
				GCC_WARN_UNUSED_VARIABLE = YES;
				IPHONEOS_DEPLOYMENT_TARGET = 18.5;
				LOCALIZATION_PREFERS_STRING_CATALOGS = YES;
				MTL_ENABLE_DEBUG_INFO = INCLUDE_SOURCE;
				MTL_FAST_MATH = YES;
				ONLY_ACTIVE_ARCH = YES;
				SDKROOT = iphoneos;
				SWIFT_ACTIVE_COMPILATION_CONDITIONS = "DEBUG $(inherited)";
				SWIFT_OPTIMIZATION_LEVEL = "-Onone";
			};
			name = Debug;
		};
		43E6A0102EBAAB6800519EE9 /* Release */ = {
			isa = XCBuildConfiguration;
			buildSettings = {
				ALWAYS_SEARCH_USER_PATHS = NO;
				ASSETCATALOG_COMPILER_GENERATE_SWIFT_ASSET_SYMBOL_EXTENSIONS = YES;
				CLANG_ANALYZER_NONNULL = YES;
				CLANG_ANALYZER_NUMBER_OBJECT_CONVERSION = YES_AGGRESSIVE;
				CLANG_CXX_LANGUAGE_STANDARD = "gnu++20";
				CLANG_ENABLE_MODULES = YES;
				CLANG_ENABLE_OBJC_ARC = YES;
				CLANG_ENABLE_OBJC_WEAK = YES;
				CLANG_WARN_BLOCK_CAPTURE_AUTORELEASING = YES;
				CLANG_WARN_BOOL_CONVERSION = YES;
				CLANG_WARN_COMMA = YES;
				CLANG_WARN_CONSTANT_CONVERSION = YES;
				CLANG_WARN_DEPRECATED_OBJC_IMPLEMENTATIONS = YES;
				CLANG_WARN_DIRECT_OBJC_ISA_USAGE = YES_ERROR;
				CLANG_WARN_DOCUMENTATION_COMMENTS = YES;
				CLANG_WARN_EMPTY_BODY = YES;
				CLANG_WARN_ENUM_CONVERSION = YES;
				CLANG_WARN_INFINITE_RECURSION = YES;
				CLANG_WARN_INT_CONVERSION = YES;
				CLANG_WARN_NON_LITERAL_NULL_CONVERSION = YES;
				CLANG_WARN_OBJC_IMPLICIT_RETAIN_SELF = YES;
				CLANG_WARN_OBJC_LITERAL_CONVERSION = YES;
				CLANG_WARN_OBJC_ROOT_CLASS = YES_ERROR;
				CLANG_WARN_QUOTED_INCLUDE_IN_FRAMEWORK_HEADER = YES;
				CLANG_WARN_RANGE_LOOP_ANALYSIS = YES;
				CLANG_WARN_STRICT_PROTOTYPES = YES;
				CLANG_WARN_SUSPICIOUS_MOVE = YES;
				CLANG_WARN_UNGUARDED_AVAILABILITY = YES_AGGRESSIVE;
				CLANG_WARN_UNREACHABLE_CODE = YES;
				CLANG_WARN__DUPLICATE_METHOD_MATCH = YES;
				COPY_PHASE_STRIP = NO;
				DEBUG_INFORMATION_FORMAT = "dwarf-with-dsym";
				ENABLE_NS_ASSERTIONS = NO;
				ENABLE_STRICT_OBJC_MSGSEND = YES;
				ENABLE_USER_SCRIPT_SANDBOXING = YES;
				GCC_C_LANGUAGE_STANDARD = gnu17;
				GCC_NO_COMMON_BLOCKS = YES;
				GCC_WARN_64_TO_32_BIT_CONVERSION = YES;
				GCC_WARN_ABOUT_RETURN_TYPE = YES_ERROR;
				GCC_WARN_UNDECLARED_SELECTOR = YES;
				GCC_WARN_UNINITIALIZED_AUTOS = YES_AGGRESSIVE;
				GCC_WARN_UNUSED_FUNCTION = YES;
				GCC_WARN_UNUSED_VARIABLE = YES;
				IPHONEOS_DEPLOYMENT_TARGET = 18.5;
				LOCALIZATION_PREFERS_STRING_CATALOGS = YES;
				MTL_ENABLE_DEBUG_INFO = NO;
				MTL_FAST_MATH = YES;
				SDKROOT = iphoneos;
				SWIFT_COMPILATION_MODE = wholemodule;
				VALIDATE_PRODUCT = YES;
			};
			name = Release;
		};
		43E6A0122EBAAB6800519EE9 /* Debug */ = {
			isa = XCBuildConfiguration;
			buildSettings = {
				CODE_SIGN_STYLE = Automatic;
				CURRENT_PROJECT_VERSION = 1;
				GENERATE_INFOPLIST_FILE = YES;
				INFOPLIST_FILE = "SignInPromptBlocker Extension/Info.plist";
				INFOPLIST_KEY_CFBundleDisplayName = "SignInPromptBlocker Extension";
				INFOPLIST_KEY_NSHumanReadableCopyright = "";
				IPHONEOS_DEPLOYMENT_TARGET = 15.0;
				LD_RUNPATH_SEARCH_PATHS = (
					"$(inherited)",
					"@executable_path/Frameworks",
					"@executable_path/../../Frameworks",
				);
				MARKETING_VERSION = 1.0;
				OTHER_LDFLAGS = (
					"-framework",
					SafariServices,
				);
				PRODUCT_BUNDLE_IDENTIFIER = com.yourCompany.SignInPromptBlocker.Extension;
				PRODUCT_NAME = "$(TARGET_NAME)";
				SKIP_INSTALL = YES;
				SWIFT_EMIT_LOC_STRINGS = YES;
				SWIFT_VERSION = 5.0;
				TARGETED_DEVICE_FAMILY = "1,2";
			};
			name = Debug;
		};
		43E6A0132EBAAB6800519EE9 /* Release */ = {
			isa = XCBuildConfiguration;
			buildSettings = {
				CODE_SIGN_STYLE = Automatic;
				CURRENT_PROJECT_VERSION = 1;
				GENERATE_INFOPLIST_FILE = YES;
				INFOPLIST_FILE = "SignInPromptBlocker Extension/Info.plist";
				INFOPLIST_KEY_CFBundleDisplayName = "SignInPromptBlocker Extension";
				INFOPLIST_KEY_NSHumanReadableCopyright = "";
				IPHONEOS_DEPLOYMENT_TARGET = 15.0;
				LD_RUNPATH_SEARCH_PATHS = (
					"$(inherited)",
					"@executable_path/Frameworks",
					"@executable_path/../../Frameworks",
				);
				MARKETING_VERSION = 1.0;
				OTHER_LDFLAGS = (
					"-framework",
					SafariServices,
				);
				PRODUCT_BUNDLE_IDENTIFIER = com.yourCompany.SignInPromptBlocker.Extension;
				PRODUCT_NAME = "$(TARGET_NAME)";
				SKIP_INSTALL = YES;
				SWIFT_EMIT_LOC_STRINGS = YES;
				SWIFT_VERSION = 5.0;
				TARGETED_DEVICE_FAMILY = "1,2";
			};
			name = Release;
		};
		43E6A0162EBAAB6800519EE9 /* Debug */ = {
			isa = XCBuildConfiguration;
			buildSettings = {
				ASSETCATALOG_COMPILER_APPICON_NAME = AppIcon;
				ASSETCATALOG_COMPILER_GLOBAL_ACCENT_COLOR_NAME = AccentColor;
				CODE_SIGN_STYLE = Automatic;
				CURRENT_PROJECT_VERSION = 1;
				GENERATE_INFOPLIST_FILE = YES;
				INFOPLIST_FILE = SignInPromptBlocker/Info.plist;
				INFOPLIST_KEY_CFBundleDisplayName = SignInPromptBlocker;
				INFOPLIST_KEY_UIApplicationSupportsIndirectInputEvents = YES;
				INFOPLIST_KEY_UILaunchStoryboardName = LaunchScreen;
				INFOPLIST_KEY_UIMainStoryboardFile = Main;
				INFOPLIST_KEY_UISupportedInterfaceOrientations_iPad = "UIInterfaceOrientationPortrait UIInterfaceOrientationPortraitUpsideDown UIInterfaceOrientationLandscapeLeft UIInterfaceOrientationLandscapeRight";
				INFOPLIST_KEY_UISupportedInterfaceOrientations_iPhone = "UIInterfaceOrientationPortrait UIInterfaceOrientationLandscapeLeft UIInterfaceOrientationLandscapeRight";
				IPHONEOS_DEPLOYMENT_TARGET = 15.0;
				LD_RUNPATH_SEARCH_PATHS = (
					"$(inherited)",
					"@executable_path/Frameworks",
				);
				MARKETING_VERSION = 1.0;
				OTHER_LDFLAGS = (
					"-framework",
					SafariServices,
					"-framework",
					WebKit,
				);
				PRODUCT_BUNDLE_IDENTIFIER = com.yourCompany.SignInPromptBlocker;
				PRODUCT_NAME = "$(TARGET_NAME)";
				SWIFT_EMIT_LOC_STRINGS = YES;
				SWIFT_VERSION = 5.0;
				TARGETED_DEVICE_FAMILY = "1,2";
			};
			name = Debug;
		};
		43E6A0172EBAAB6800519EE9 /* Release */ = {
			isa = XCBuildConfiguration;
			buildSettings = {
				ASSETCATALOG_COMPILER_APPICON_NAME = AppIcon;
				ASSETCATALOG_COMPILER_GLOBAL_ACCENT_COLOR_NAME = AccentColor;
				CODE_SIGN_STYLE = Automatic;
				CURRENT_PROJECT_VERSION = 1;
				GENERATE_INFOPLIST_FILE = YES;
				INFOPLIST_FILE = SignInPromptBlocker/Info.plist;
				INFOPLIST_KEY_CFBundleDisplayName = SignInPromptBlocker;
				INFOPLIST_KEY_UIApplicationSupportsIndirectInputEvents = YES;
				INFOPLIST_KEY_UILaunchStoryboardName = LaunchScreen;
				INFOPLIST_KEY_UIMainStoryboardFile = Main;
				INFOPLIST_KEY_UISupportedInterfaceOrientations_iPad = "UIInterfaceOrientationPortrait UIInterfaceOrientationPortraitUpsideDown UIInterfaceOrientationLandscapeLeft UIInterfaceOrientationLandscapeRight";
				INFOPLIST_KEY_UISupportedInterfaceOrientations_iPhone = "UIInterfaceOrientationPortrait UIInterfaceOrientationLandscapeLeft UIInterfaceOrientationLandscapeRight";
				IPHONEOS_DEPLOYMENT_TARGET = 15.0;
				LD_RUNPATH_SEARCH_PATHS = (
					"$(inherited)",
					"@executable_path/Frameworks",
				);
				MARKETING_VERSION = 1.0;
				OTHER_LDFLAGS = (
					"-framework",
					SafariServices,
					"-framework",
					WebKit,
				);
				PRODUCT_BUNDLE_IDENTIFIER = com.yourCompany.SignInPromptBlocker;
				PRODUCT_NAME = "$(TARGET_NAME)";
				SWIFT_EMIT_LOC_STRINGS = YES;
				SWIFT_VERSION = 5.0;
				TARGETED_DEVICE_FAMILY = "1,2";
			};
			name = Release;
		};
		43E6A0192EBAAB6800519EE9 /* Debug */ = {
			isa = XCBuildConfiguration;
			buildSettings = {
				BUNDLE_LOADER = "$(TEST_HOST)";
				CODE_SIGN_STYLE = Automatic;
				CURRENT_PROJECT_VERSION = 1;
				GENERATE_INFOPLIST_FILE = YES;
				IPHONEOS_DEPLOYMENT_TARGET = 15.0;
				MARKETING_VERSION = 1.0;
				PRODUCT_BUNDLE_IDENTIFIER = com.yourCompany.SignInPromptBlockerTests;
				PRODUCT_NAME = "$(TARGET_NAME)";
				SWIFT_EMIT_LOC_STRINGS = NO;
				SWIFT_VERSION = 5.0;
				TARGETED_DEVICE_FAMILY = "1,2";
				TEST_HOST = "$(BUILT_PRODUCTS_DIR)/SignInPromptBlocker.app/$(BUNDLE_EXECUTABLE_FOLDER_PATH)/SignInPromptBlocker";
			};
			name = Debug;
		};
		43E6A01A2EBAAB6800519EE9 /* Release */ = {
			isa = XCBuildConfiguration;
			buildSettings = {
				BUNDLE_LOADER = "$(TEST_HOST)";
				CODE_SIGN_STYLE = Automatic;
				CURRENT_PROJECT_VERSION = 1;
				GENERATE_INFOPLIST_FILE = YES;
				IPHONEOS_DEPLOYMENT_TARGET = 15.0;
				MARKETING_VERSION = 1.0;
				PRODUCT_BUNDLE_IDENTIFIER = com.yourCompany.SignInPromptBlockerTests;
				PRODUCT_NAME = "$(TARGET_NAME)";
				SWIFT_EMIT_LOC_STRINGS = NO;
				SWIFT_VERSION = 5.0;
				TARGETED_DEVICE_FAMILY = "1,2";
				TEST_HOST = "$(BUILT_PRODUCTS_DIR)/SignInPromptBlocker.app/$(BUNDLE_EXECUTABLE_FOLDER_PATH)/SignInPromptBlocker";
			};
			name = Release;
		};
		43E6A01C2EBAAB6800519EE9 /* Debug */ = {
			isa = XCBuildConfiguration;
			buildSettings = {
				CODE_SIGN_STYLE = Automatic;
				CURRENT_PROJECT_VERSION = 1;
				GENERATE_INFOPLIST_FILE = YES;
				MARKETING_VERSION = 1.0;
				PRODUCT_BUNDLE_IDENTIFIER = com.yourCompany.SignInPromptBlockerUITests;
				PRODUCT_NAME = "$(TARGET_NAME)";
				SWIFT_EMIT_LOC_STRINGS = NO;
				SWIFT_VERSION = 5.0;
				TARGETED_DEVICE_FAMILY = "1,2";
				TEST_TARGET_NAME = SignInPromptBlocker;
			};
			name = Debug;
		};
		43E6A01D2EBAAB6800519EE9 /* Release */ = {
			isa = XCBuildConfiguration;
			buildSettings = {
				CODE_SIGN_STYLE = Automatic;
				CURRENT_PROJECT_VERSION = 1;
				GENERATE_INFOPLIST_FILE = YES;
				MARKETING_VERSION = 1.0;
				PRODUCT_BUNDLE_IDENTIFIER = com.yourCompany.SignInPromptBlockerUITests;
				PRODUCT_NAME = "$(TARGET_NAME)";
				SWIFT_EMIT_LOC_STRINGS = NO;
				SWIFT_VERSION = 5.0;
				TARGETED_DEVICE_FAMILY = "1,2";
				TEST_TARGET_NAME = SignInPromptBlocker;
			};
			name = Release;
		};
/* End XCBuildConfiguration section */

/* Begin XCConfigurationList section */
		43E69FCE2EBAAB6500519EE9 /* Build configuration list for PBXProject "SignInPromptBlocker" */ = {
			isa = XCConfigurationList;
			buildConfigurations = (
				43E6A00F2EBAAB6800519EE9 /* Debug */,
				43E6A0102EBAAB6800519EE9 /* Release */,
			);
			defaultConfigurationIsVisible = 0;
			defaultConfigurationName = Release;
		};
		43E6A0112EBAAB6800519EE9 /* Build configuration list for PBXNativeTarget "SignInPromptBlocker Extension" */ = {
			isa = XCConfigurationList;
			buildConfigurations = (
				43E6A0122EBAAB6800519EE9 /* Debug */,
				43E6A0132EBAAB6800519EE9 /* Release */,
			);
			defaultConfigurationIsVisible = 0;
			defaultConfigurationName = Release;
		};
		43E6A0152EBAAB6800519EE9 /* Build configuration list for PBXNativeTarget "SignInPromptBlocker" */ = {
			isa = XCConfigurationList;
			buildConfigurations = (
				43E6A0162EBAAB6800519EE9 /* Debug */,
				43E6A0172EBAAB6800519EE9 /* Release */,
			);
			defaultConfigurationIsVisible = 0;
			defaultConfigurationName = Release;
		};
		43E6A0182EBAAB6800519EE9 /* Build configuration list for PBXNativeTarget "SignInPromptBlockerTests" */ = {
			isa = XCConfigurationList;
			buildConfigurations = (
				43E6A0192EBAAB6800519EE9 /* Debug */,
				43E6A01A2EBAAB6800519EE9 /* Release */,
			);
			defaultConfigurationIsVisible = 0;
			defaultConfigurationName = Release;
		};
		43E6A01B2EBAAB6800519EE9 /* Build configuration list for PBXNativeTarget "SignInPromptBlockerUITests" */ = {
			isa = XCConfigurationList;
			buildConfigurations = (
				43E6A01C2EBAAB6800519EE9 /* Debug */,
				43E6A01D2EBAAB6800519EE9 /* Release */,
			);
			defaultConfigurationIsVisible = 0;
			defaultConfigurationName = Release;
		};
/* End XCConfigurationList section */
	};
	rootObject = 43E69FCB2EBAAB6500519EE9 /* Project object */;
}
