// !$*UTF8*$!
{
	archiveVersion = 1;
	classes = {
	};
	objectVersion = 77;
	objects = {

/* Begin PBXBuildFile section */
		43DB8E9A2EBAA8BA0072084E /* AppDelegate.swift in Sources */ = {isa = PBXBuildFile; fileRef = 43DB8E992EBAA8BA0072084E /* AppDelegate.swift */; };
		43DB8E9E2EBAA8BA0072084E /* Main.html in Resources */ = {isa = PBXBuildFile; fileRef = 43DB8E9C2EBAA8BA0072084E /* Main.html */; };
		43DB8EA02EBAA8BA0072084E /* Icon.png in Resources */ = {isa = PBXBuildFile; fileRef = 43DB8E9F2EBAA8BA0072084E /* Icon.png */; };
		43DB8EA22EBAA8BA0072084E /* Style.css in Resources */ = {isa = PBXBuildFile; fileRef = 43DB8EA12EBAA8BA0072084E /* Style.css */; };
		43DB8EA42EBAA8BA0072084E /* SceneDelegate.swift in Sources */ = {isa = PBXBuildFile; fileRef = 43DB8EA32EBAA8BA0072084E /* SceneDelegate.swift */; };
		43DB8EA62EBAA8BA0072084E /* ViewController.swift in Sources */ = {isa = PBXBuildFile; fileRef = 43DB8EA52EBAA8BA0072084E /* ViewController.swift */; };
		43DB8EA92EBAA8BA0072084E /* LaunchScreen.storyboard in Resources */ = {isa = PBXBuildFile; fileRef = 43DB8EA72EBAA8BA0072084E /* LaunchScreen.storyboard */; };
		43DB8EAC2EBAA8BA0072084E /* Main.storyboard in Resources */ = {isa = PBXBuildFile; fileRef = 43DB8EAA2EBAA8BA0072084E /* Main.storyboard */; };
		43DB8EB82EBAA8BF0072084E /* SignInPromptBlockerTests.swift in Sources */ = {isa = PBXBuildFile; fileRef = 43DB8EB72EBAA8BF0072084E /* SignInPromptBlockerTests.swift */; };
		43DB8EC22EBAA8BF0072084E /* SignInPromptBlockerUITests.swift in Sources */ = {isa = PBXBuildFile; fileRef = 43DB8EC12EBAA8BF0072084E /* SignInPromptBlockerUITests.swift */; };
		43DB8EC42EBAA8BF0072084E /* SignInPromptBlockerUITestsLaunchTests.swift in Sources */ = {isa = PBXBuildFile; fileRef = 43DB8EC32EBAA8BF0072084E /* SignInPromptBlockerUITestsLaunchTests.swift */; };
		43DB8ECA2EBAA8BF0072084E /* SignInPromptBlocker Extension.appex in Embed Foundation Extensions */ = {isa = PBXBuildFile; fileRef = 43DB8EC92EBAA8BF0072084E /* SignInPromptBlocker Extension.appex */; settings = {ATTRIBUTES = (RemoveHeadersOnCopy, ); }; };
		43DB8ECF2EBAA8BF0072084E /* SafariWebExtensionHandler.swift in Sources */ = {isa = PBXBuildFile; fileRef = 43DB8ECE2EBAA8BF0072084E /* SafariWebExtensionHandler.swift */; };
		43DB8ED12EBAA8BF0072084E /* Assets.xcassets in Resources */ = {isa = PBXBuildFile; fileRef = 43DB8EAD2EBAA8BF0072084E /* Assets.xcassets */; };
		43DB8EE72EBAA8C00072084E /* styles.css in Resources */ = {isa = PBXBuildFile; fileRef = 43DB8EE22EBAA8C00072084E /* styles.css */; };
		43DB8EE82EBAA8C00072084E /* icons in Resources */ = {isa = PBXBuildFile; fileRef = 43DB8EE32EBAA8C00072084E /* icons */; };
		43DB8EE92EBAA8C00072084E /* manifest.json in Resources */ = {isa = PBXBuildFile; fileRef = 43DB8EE42EBAA8C00072084E /* manifest.json */; };
		43DB8EEA2EBAA8C00072084E /* options.html in Resources */ = {isa = PBXBuildFile; fileRef = 43DB8EE52EBAA8C00072084E /* options.html */; };
		43DB8EEB2EBAA8C00072084E /* content.js in Resources */ = {isa = PBXBuildFile; fileRef = 43DB8EE62EBAA8C00072084E /* content.js */; };
/* End PBXBuildFile section */

/* Begin PBXContainerItemProxy section */
		43DB8EB42EBAA8BF0072084E /* PBXContainerItemProxy */ = {
			isa = PBXContainerItemProxy;
			containerPortal = 43DB8E8E2EBAA8BA0072084E /* Project object */;
			proxyType = 1;
			remoteGlobalIDString = 43DB8E952EBAA8BA0072084E;
			remoteInfo = SignInPromptBlocker;
		};
		43DB8EBE2EBAA8BF0072084E /* PBXContainerItemProxy */ = {
			isa = PBXContainerItemProxy;
			containerPortal = 43DB8E8E2EBAA8BA0072084E /* Project object */;
			proxyType = 1;
			remoteGlobalIDString = 43DB8E952EBAA8BA0072084E;
			remoteInfo = SignInPromptBlocker;
		};
		43DB8ECB2EBAA8BF0072084E /* PBXContainerItemProxy */ = {
			isa = PBXContainerItemProxy;
			containerPortal = 43DB8E8E2EBAA8BA0072084E /* Project object */;
			proxyType = 1;
			remoteGlobalIDString = 43DB8EC82EBAA8BF0072084E;
			remoteInfo = "SignInPromptBlocker Extension";
		};
/* End PBXContainerItemProxy section */

/* Begin PBXCopyFilesBuildPhase section */
		43DB8ED72EBAA8BF0072084E /* Embed Foundation Extensions */ = {
			isa = PBXCopyFilesBuildPhase;
			buildActionMask = 2147483647;
			dstPath = "";
			dstSubfolderSpec = 13;
			files = (
				43DB8ECA2EBAA8BF0072084E /* SignInPromptBlocker Extension.appex in Embed Foundation Extensions */,
			);
			name = "Embed Foundation Extensions";
			runOnlyForDeploymentPostprocessing = 0;
		};
/* End PBXCopyFilesBuildPhase section */

/* Begin PBXFileReference section */
		43DB8E962EBAA8BA0072084E /* SignInPromptBlocker.app */ = {isa = PBXFileReference; explicitFileType = wrapper.application; includeInIndex = 0; path = SignInPromptBlocker.app; sourceTree = BUILT_PRODUCTS_DIR; };
		43DB8E992EBAA8BA0072084E /* AppDelegate.swift */ = {isa = PBXFileReference; lastKnownFileType = sourcecode.swift; path = AppDelegate.swift; sourceTree = "<group>"; };
		43DB8E9D2EBAA8BA0072084E /* Base */ = {isa = PBXFileReference; lastKnownFileType = text.html; name = Base; path = Base.lproj/Main.html; sourceTree = "<group>"; };
		43DB8E9F2EBAA8BA0072084E /* Icon.png */ = {isa = PBXFileReference; lastKnownFileType = image.png; path = Icon.png; sourceTree = "<group>"; };
		43DB8EA12EBAA8BA0072084E /* Style.css */ = {isa = PBXFileReference; lastKnownFileType = text.css; path = Style.css; sourceTree = "<group>"; };
		43DB8EA32EBAA8BA0072084E /* SceneDelegate.swift */ = {isa = PBXFileReference; lastKnownFileType = sourcecode.swift; path = SceneDelegate.swift; sourceTree = "<group>"; };
		43DB8EA52EBAA8BA0072084E /* ViewController.swift */ = {isa = PBXFileReference; lastKnownFileType = sourcecode.swift; path = ViewController.swift; sourceTree = "<group>"; };
		43DB8EA82EBAA8BA0072084E /* Base */ = {isa = PBXFileReference; lastKnownFileType = file.storyboard; name = Base; path = Base.lproj/LaunchScreen.storyboard; sourceTree = "<group>"; };
		43DB8EAB2EBAA8BA0072084E /* Base */ = {isa = PBXFileReference; lastKnownFileType = file.storyboard; name = Base; path = Base.lproj/Main.storyboard; sourceTree = "<group>"; };
		43DB8EAD2EBAA8BF0072084E /* Assets.xcassets */ = {isa = PBXFileReference; lastKnownFileType = folder.assetcatalog; path = Assets.xcassets; sourceTree = "<group>"; };
		43DB8EAE2EBAA8BF0072084E /* Info.plist */ = {isa = PBXFileReference; lastKnownFileType = text.plist.xml; path = Info.plist; sourceTree = "<group>"; };
		43DB8EB32EBAA8BF0072084E /* SignInPromptBlockerTests.xctest */ = {isa = PBXFileReference; explicitFileType = wrapper.cfbundle; includeInIndex = 0; path = SignInPromptBlockerTests.xctest; sourceTree = BUILT_PRODUCTS_DIR; };
		43DB8EB72EBAA8BF0072084E /* SignInPromptBlockerTests.swift */ = {isa = PBXFileReference; lastKnownFileType = sourcecode.swift; path = SignInPromptBlockerTests.swift; sourceTree = "<group>"; };
		43DB8EBD2EBAA8BF0072084E /* SignInPromptBlockerUITests.xctest */ = {isa = PBXFileReference; explicitFileType = wrapper.cfbundle; includeInIndex = 0; path = SignInPromptBlockerUITests.xctest; sourceTree = BUILT_PRODUCTS_DIR; };
		43DB8EC12EBAA8BF0072084E /* SignInPromptBlockerUITests.swift */ = {isa = PBXFileReference; lastKnownFileType = sourcecode.swift; path = SignInPromptBlockerUITests.swift; sourceTree = "<group>"; };
		43DB8EC32EBAA8BF0072084E /* SignInPromptBlockerUITestsLaunchTests.swift */ = {isa = PBXFileReference; lastKnownFileType = sourcecode.swift; path = SignInPromptBlockerUITestsLaunchTests.swift; sourceTree = "<group>"; };
		43DB8EC92EBAA8BF0072084E /* SignInPromptBlocker Extension.appex */ = {isa = PBXFileReference; explicitFileType = "wrapper.app-extension"; includeInIndex = 0; path = "SignInPromptBlocker Extension.appex"; sourceTree = BUILT_PRODUCTS_DIR; };
		43DB8ECE2EBAA8BF0072084E /* SafariWebExtensionHandler.swift */ = {isa = PBXFileReference; lastKnownFileType = sourcecode.swift; path = SafariWebExtensionHandler.swift; sourceTree = "<group>"; };
		43DB8ED02EBAA8BF0072084E /* Info.plist */ = {isa = PBXFileReference; lastKnownFileType = text.plist.xml; path = Info.plist; sourceTree = "<group>"; };
		43DB8EE22EBAA8C00072084E /* styles.css */ = {isa = PBXFileReference; lastKnownFileType = text.css; name = styles.css; path = ../../../extension/styles.css; sourceTree = "<group>"; };
		43DB8EE32EBAA8C00072084E /* icons */ = {isa = PBXFileReference; lastKnownFileType = folder; name = icons; path = ../../../extension/icons; sourceTree = "<group>"; };
		43DB8EE42EBAA8C00072084E /* manifest.json */ = {isa = PBXFileReference; lastKnownFileType = text.json; name = manifest.json; path = ../../../extension/manifest.json; sourceTree = "<group>"; };
		43DB8EE52EBAA8C00072084E /* options.html */ = {isa = PBXFileReference; lastKnownFileType = text.html; name = options.html; path = ../../../extension/options.html; sourceTree = "<group>"; };
		43DB8EE62EBAA8C00072084E /* content.js */ = {isa = PBXFileReference; lastKnownFileType = sourcecode.javascript; name = content.js; path = ../../../extension/content.js; sourceTree = "<group>"; };
/* End PBXFileReference section */

/* Begin PBXFrameworksBuildPhase section */
		43DB8E932EBAA8BA0072084E /* Frameworks */ = {
			isa = PBXFrameworksBuildPhase;
			buildActionMask = 2147483647;
			files = (
			);
			runOnlyForDeploymentPostprocessing = 0;
		};
		43DB8EB02EBAA8BF0072084E /* Frameworks */ = {
			isa = PBXFrameworksBuildPhase;
			buildActionMask = 2147483647;
			files = (
			);
			runOnlyForDeploymentPostprocessing = 0;
		};
		43DB8EBA2EBAA8BF0072084E /* Frameworks */ = {
			isa = PBXFrameworksBuildPhase;
			buildActionMask = 2147483647;
			files = (
			);
			runOnlyForDeploymentPostprocessing = 0;
		};
		43DB8EC62EBAA8BF0072084E /* Frameworks */ = {
			isa = PBXFrameworksBuildPhase;
			buildActionMask = 2147483647;
			files = (
			);
			runOnlyForDeploymentPostprocessing = 0;
		};
/* End PBXFrameworksBuildPhase section */

/* Begin PBXGroup section */
		43DB8E8D2EBAA8BA0072084E = {
			isa = PBXGroup;
			children = (
				43DB8E982EBAA8BA0072084E /* SignInPromptBlocker */,
				43DB8EB62EBAA8BF0072084E /* SignInPromptBlockerTests */,
				43DB8EC02EBAA8BF0072084E /* SignInPromptBlockerUITests */,
				43DB8ECD2EBAA8BF0072084E /* SignInPromptBlocker Extension */,
				43DB8E972EBAA8BA0072084E /* Products */,
			);
			sourceTree = "<group>";
		};
		43DB8E972EBAA8BA0072084E /* Products */ = {
			isa = PBXGroup;
			children = (
				43DB8E962EBAA8BA0072084E /* SignInPromptBlocker.app */,
				43DB8EB32EBAA8BF0072084E /* SignInPromptBlockerTests.xctest */,
				43DB8EBD2EBAA8BF0072084E /* SignInPromptBlockerUITests.xctest */,
				43DB8EC92EBAA8BF0072084E /* SignInPromptBlocker Extension.appex */,
			);
			name = Products;
			sourceTree = "<group>";
		};
		43DB8E982EBAA8BA0072084E /* SignInPromptBlocker */ = {
			isa = PBXGroup;
			children = (
				43DB8E992EBAA8BA0072084E /* AppDelegate.swift */,
				43DB8EA32EBAA8BA0072084E /* SceneDelegate.swift */,
				43DB8EA52EBAA8BA0072084E /* ViewController.swift */,
				43DB8EA72EBAA8BA0072084E /* LaunchScreen.storyboard */,
				43DB8EAA2EBAA8BA0072084E /* Main.storyboard */,
				43DB8EAD2EBAA8BF0072084E /* Assets.xcassets */,
				43DB8EAE2EBAA8BF0072084E /* Info.plist */,
				43DB8E9B2EBAA8BA0072084E /* Resources */,
			);
			path = SignInPromptBlocker;
			sourceTree = "<group>";
		};
		43DB8E9B2EBAA8BA0072084E /* Resources */ = {
			isa = PBXGroup;
			children = (
				43DB8E9C2EBAA8BA0072084E /* Main.html */,
				43DB8E9F2EBAA8BA0072084E /* Icon.png */,
				43DB8EA12EBAA8BA0072084E /* Style.css */,
			);
			path = Resources;
			sourceTree = "<group>";
		};
		43DB8EB62EBAA8BF0072084E /* SignInPromptBlockerTests */ = {
			isa = PBXGroup;
			children = (
				43DB8EB72EBAA8BF0072084E /* SignInPromptBlockerTests.swift */,
			);
			path = SignInPromptBlockerTests;
			sourceTree = "<group>";
		};
		43DB8EC02EBAA8BF0072084E /* SignInPromptBlockerUITests */ = {
			isa = PBXGroup;
			children = (
				43DB8EC12EBAA8BF0072084E /* SignInPromptBlockerUITests.swift */,
				43DB8EC32EBAA8BF0072084E /* SignInPromptBlockerUITestsLaunchTests.swift */,
			);
			path = SignInPromptBlockerUITests;
			sourceTree = "<group>";
		};
		43DB8ECD2EBAA8BF0072084E /* SignInPromptBlocker Extension */ = {
			isa = PBXGroup;
			children = (
				43DB8EE12EBAA8C00072084E /* Resources */,
				43DB8ECE2EBAA8BF0072084E /* SafariWebExtensionHandler.swift */,
				43DB8ED02EBAA8BF0072084E /* Info.plist */,
			);
			path = "SignInPromptBlocker Extension";
			sourceTree = "<group>";
		};
		43DB8EE12EBAA8C00072084E /* Resources */ = {
			isa = PBXGroup;
			children = (
				43DB8EE22EBAA8C00072084E /* styles.css */,
				43DB8EE32EBAA8C00072084E /* icons */,
				43DB8EE42EBAA8C00072084E /* manifest.json */,
				43DB8EE52EBAA8C00072084E /* options.html */,
				43DB8EE62EBAA8C00072084E /* content.js */,
			);
			name = Resources;
			path = "SignInPromptBlocker Extension";
			sourceTree = SOURCE_ROOT;
		};
/* End PBXGroup section */

/* Begin PBXNativeTarget section */
		43DB8E952EBAA8BA0072084E /* SignInPromptBlocker */ = {
			isa = PBXNativeTarget;
			buildConfigurationList = 43DB8ED82EBAA8BF0072084E /* Build configuration list for PBXNativeTarget "SignInPromptBlocker" */;
			buildPhases = (
				43DB8E922EBAA8BA0072084E /* Sources */,
				43DB8E932EBAA8BA0072084E /* Frameworks */,
				43DB8E942EBAA8BA0072084E /* Resources */,
				43DB8ED72EBAA8BF0072084E /* Embed Foundation Extensions */,
			);
			buildRules = (
			);
			dependencies = (
				43DB8ECC2EBAA8BF0072084E /* PBXTargetDependency */,
			);
			name = SignInPromptBlocker;
			packageProductDependencies = (
			);
			productName = SignInPromptBlocker;
			productReference = 43DB8E962EBAA8BA0072084E /* SignInPromptBlocker.app */;
			productType = "com.apple.product-type.application";
		};
		43DB8EB22EBAA8BF0072084E /* SignInPromptBlockerTests */ = {
			isa = PBXNativeTarget;
			buildConfigurationList = 43DB8EDB2EBAA8BF0072084E /* Build configuration list for PBXNativeTarget "SignInPromptBlockerTests" */;
			buildPhases = (
				43DB8EAF2EBAA8BF0072084E /* Sources */,
				43DB8EB02EBAA8BF0072084E /* Frameworks */,
				43DB8EB12EBAA8BF0072084E /* Resources */,
			);
			buildRules = (
			);
			dependencies = (
				43DB8EB52EBAA8BF0072084E /* PBXTargetDependency */,
			);
			name = SignInPromptBlockerTests;
			packageProductDependencies = (
			);
			productName = SignInPromptBlockerTests;
			productReference = 43DB8EB32EBAA8BF0072084E /* SignInPromptBlockerTests.xctest */;
			productType = "com.apple.product-type.bundle.unit-test";
		};
		43DB8EBC2EBAA8BF0072084E /* SignInPromptBlockerUITests */ = {
			isa = PBXNativeTarget;
			buildConfigurationList = 43DB8EDE2EBAA8BF0072084E /* Build configuration list for PBXNativeTarget "SignInPromptBlockerUITests" */;
			buildPhases = (
				43DB8EB92EBAA8BF0072084E /* Sources */,
				43DB8EBA2EBAA8BF0072084E /* Frameworks */,
				43DB8EBB2EBAA8BF0072084E /* Resources */,
			);
			buildRules = (
			);
			dependencies = (
				43DB8EBF2EBAA8BF0072084E /* PBXTargetDependency */,
			);
			name = SignInPromptBlockerUITests;
			packageProductDependencies = (
			);
			productName = SignInPromptBlockerUITests;
			productReference = 43DB8EBD2EBAA8BF0072084E /* SignInPromptBlockerUITests.xctest */;
			productType = "com.apple.product-type.bundle.ui-testing";
		};
		43DB8EC82EBAA8BF0072084E /* SignInPromptBlocker Extension */ = {
			isa = PBXNativeTarget;
			buildConfigurationList = 43DB8ED42EBAA8BF0072084E /* Build configuration list for PBXNativeTarget "SignInPromptBlocker Extension" */;
			buildPhases = (
				43DB8EC52EBAA8BF0072084E /* Sources */,
				43DB8EC62EBAA8BF0072084E /* Frameworks */,
				43DB8EC72EBAA8BF0072084E /* Resources */,
			);
			buildRules = (
			);
			dependencies = (
			);
			name = "SignInPromptBlocker Extension";
			packageProductDependencies = (
			);
			productName = "SignInPromptBlocker Extension";
			productReference = 43DB8EC92EBAA8BF0072084E /* SignInPromptBlocker Extension.appex */;
			productType = "com.apple.product-type.app-extension";
		};
/* End PBXNativeTarget section */

/* Begin PBXProject section */
		43DB8E8E2EBAA8BA0072084E /* Project object */ = {
			isa = PBXProject;
			attributes = {
				BuildIndependentTargetsInParallel = 1;
				LastSwiftUpdateCheck = 1640;
				LastUpgradeCheck = 1640;
				TargetAttributes = {
					43DB8E952EBAA8BA0072084E = {
						CreatedOnToolsVersion = 16.4;
					};
					43DB8EB22EBAA8BF0072084E = {
						CreatedOnToolsVersion = 16.4;
						TestTargetID = 43DB8E952EBAA8BA0072084E;
					};
					43DB8EBC2EBAA8BF0072084E = {
						CreatedOnToolsVersion = 16.4;
						TestTargetID = 43DB8E952EBAA8BA0072084E;
					};
					43DB8EC82EBAA8BF0072084E = {
						CreatedOnToolsVersion = 16.4;
					};
				};
			};
			buildConfigurationList = 43DB8E912EBAA8BA0072084E /* Build configuration list for PBXProject "SignInPromptBlocker" */;
			developmentRegion = en;
			hasScannedForEncodings = 0;
			knownRegions = (
				en,
				Base,
			);
			mainGroup = 43DB8E8D2EBAA8BA0072084E;
			minimizedProjectReferenceProxies = 1;
			preferredProjectObjectVersion = 77;
			productRefGroup = 43DB8E972EBAA8BA0072084E /* Products */;
			projectDirPath = "";
			projectRoot = "";
			targets = (
				43DB8E952EBAA8BA0072084E /* SignInPromptBlocker */,
				43DB8EB22EBAA8BF0072084E /* SignInPromptBlockerTests */,
				43DB8EBC2EBAA8BF0072084E /* SignInPromptBlockerUITests */,
				43DB8EC82EBAA8BF0072084E /* SignInPromptBlocker Extension */,
			);
		};
/* End PBXProject section */

/* Begin PBXResourcesBuildPhase section */
		43DB8E942EBAA8BA0072084E /* Resources */ = {
			isa = PBXResourcesBuildPhase;
			buildActionMask = 2147483647;
			files = (
				43DB8EA02EBAA8BA0072084E /* Icon.png in Resources */,
				43DB8EAC2EBAA8BA0072084E /* Main.storyboard in Resources */,
				43DB8EA92EBAA8BA0072084E /* LaunchScreen.storyboard in Resources */,
				43DB8E9E2EBAA8BA0072084E /* Main.html in Resources */,
				43DB8ED12EBAA8BF0072084E /* Assets.xcassets in Resources */,
				43DB8EA22EBAA8BA0072084E /* Style.css in Resources */,
			);
			runOnlyForDeploymentPostprocessing = 0;
		};
		43DB8EB12EBAA8BF0072084E /* Resources */ = {
			isa = PBXResourcesBuildPhase;
			buildActionMask = 2147483647;
			files = (
			);
			runOnlyForDeploymentPostprocessing = 0;
		};
		43DB8EBB2EBAA8BF0072084E /* Resources */ = {
			isa = PBXResourcesBuildPhase;
			buildActionMask = 2147483647;
			files = (
			);
			runOnlyForDeploymentPostprocessing = 0;
		};
		43DB8EC72EBAA8BF0072084E /* Resources */ = {
			isa = PBXResourcesBuildPhase;
			buildActionMask = 2147483647;
			files = (
				43DB8EE72EBAA8C00072084E /* styles.css in Resources */,
				43DB8EE92EBAA8C00072084E /* manifest.json in Resources */,
				43DB8EE82EBAA8C00072084E /* icons in Resources */,
				43DB8EEA2EBAA8C00072084E /* options.html in Resources */,
				43DB8EEB2EBAA8C00072084E /* content.js in Resources */,
			);
			runOnlyForDeploymentPostprocessing = 0;
		};
/* End PBXResourcesBuildPhase section */

/* Begin PBXSourcesBuildPhase section */
		43DB8E922EBAA8BA0072084E /* Sources */ = {
			isa = PBXSourcesBuildPhase;
			buildActionMask = 2147483647;
			files = (
				43DB8EA62EBAA8BA0072084E /* ViewController.swift in Sources */,
				43DB8E9A2EBAA8BA0072084E /* AppDelegate.swift in Sources */,
				43DB8EA42EBAA8BA0072084E /* SceneDelegate.swift in Sources */,
			);
			runOnlyForDeploymentPostprocessing = 0;
		};
		43DB8EAF2EBAA8BF0072084E /* Sources */ = {
			isa = PBXSourcesBuildPhase;
			buildActionMask = 2147483647;
			files = (
				43DB8EB82EBAA8BF0072084E /* SignInPromptBlockerTests.swift in Sources */,
			);
			runOnlyForDeploymentPostprocessing = 0;
		};
		43DB8EB92EBAA8BF0072084E /* Sources */ = {
			isa = PBXSourcesBuildPhase;
			buildActionMask = 2147483647;
			files = (
				43DB8EC22EBAA8BF0072084E /* SignInPromptBlockerUITests.swift in Sources */,
				43DB8EC42EBAA8BF0072084E /* SignInPromptBlockerUITestsLaunchTests.swift in Sources */,
			);
			runOnlyForDeploymentPostprocessing = 0;
		};
		43DB8EC52EBAA8BF0072084E /* Sources */ = {
			isa = PBXSourcesBuildPhase;
			buildActionMask = 2147483647;
			files = (
				43DB8ECF2EBAA8BF0072084E /* SafariWebExtensionHandler.swift in Sources */,
			);
			runOnlyForDeploymentPostprocessing = 0;
		};
/* End PBXSourcesBuildPhase section */

/* Begin PBXTargetDependency section */
		43DB8EB52EBAA8BF0072084E /* PBXTargetDependency */ = {
			isa = PBXTargetDependency;
			target = 43DB8E952EBAA8BA0072084E /* SignInPromptBlocker */;
			targetProxy = 43DB8EB42EBAA8BF0072084E /* PBXContainerItemProxy */;
		};
		43DB8EBF2EBAA8BF0072084E /* PBXTargetDependency */ = {
			isa = PBXTargetDependency;
			target = 43DB8E952EBAA8BA0072084E /* SignInPromptBlocker */;
			targetProxy = 43DB8EBE2EBAA8BF0072084E /* PBXContainerItemProxy */;
		};
		43DB8ECC2EBAA8BF0072084E /* PBXTargetDependency */ = {
			isa = PBXTargetDependency;
			target = 43DB8EC82EBAA8BF0072084E /* SignInPromptBlocker Extension */;
			targetProxy = 43DB8ECB2EBAA8BF0072084E /* PBXContainerItemProxy */;
		};
/* End PBXTargetDependency section */

/* Begin PBXVariantGroup section */
		43DB8E9C2EBAA8BA0072084E /* Main.html */ = {
			isa = PBXVariantGroup;
			children = (
				43DB8E9D2EBAA8BA0072084E /* Base */,
			);
			name = Main.html;
			sourceTree = "<group>";
		};
		43DB8EA72EBAA8BA0072084E /* LaunchScreen.storyboard */ = {
			isa = PBXVariantGroup;
			children = (
				43DB8EA82EBAA8BA0072084E /* Base */,
			);
			name = LaunchScreen.storyboard;
			sourceTree = "<group>";
		};
		43DB8EAA2EBAA8BA0072084E /* Main.storyboard */ = {
			isa = PBXVariantGroup;
			children = (
				43DB8EAB2EBAA8BA0072084E /* Base */,
			);
			name = Main.storyboard;
			sourceTree = "<group>";
		};
/* End PBXVariantGroup section */

/* Begin XCBuildConfiguration section */
		43DB8ED22EBAA8BF0072084E /* Debug */ = {
			isa = XCBuildConfiguration;
			buildSettings = {
				ALWAYS_SEARCH_USER_PATHS = NO;
				ASSETCATALOG_COMPILER_GENERATE_SWIFT_ASSET_SYMBOL_EXTENSIONS = YES;
				CLANG_ANALYZER_NONNULL = YES;
				CLANG_ANALYZER_NUMBER_OBJECT_CONVERSION = YES_AGGRESSIVE;
				CLANG_CXX_LANGUAGE_STANDARD = "gnu++20";
				CLANG_ENABLE_MODULES = YES;
				CLANG_ENABLE_OBJC_ARC = YES;
				CLANG_ENABLE_OBJC_WEAK = YES;
				CLANG_WARN_BLOCK_CAPTURE_AUTORELEASING = YES;
				CLANG_WARN_BOOL_CONVERSION = YES;
				CLANG_WARN_COMMA = YES;
				CLANG_WARN_CONSTANT_CONVERSION = YES;
				CLANG_WARN_DEPRECATED_OBJC_IMPLEMENTATIONS = YES;
				CLANG_WARN_DIRECT_OBJC_ISA_USAGE = YES_ERROR;
				CLANG_WARN_DOCUMENTATION_COMMENTS = YES;
				CLANG_WARN_EMPTY_BODY = YES;
				CLANG_WARN_ENUM_CONVERSION = YES;
				CLANG_WARN_INFINITE_RECURSION = YES;
				CLANG_WARN_INT_CONVERSION = YES;
				CLANG_WARN_NON_LITERAL_NULL_CONVERSION = YES;
				CLANG_WARN_OBJC_IMPLICIT_RETAIN_SELF = YES;
				CLANG_WARN_OBJC_LITERAL_CONVERSION = YES;
				CLANG_WARN_OBJC_ROOT_CLASS = YES_ERROR;
				CLANG_WARN_QUOTED_INCLUDE_IN_FRAMEWORK_HEADER = YES;
				CLANG_WARN_RANGE_LOOP_ANALYSIS = YES;
				CLANG_WARN_STRICT_PROTOTYPES = YES;
				CLANG_WARN_SUSPICIOUS_MOVE = YES;
				CLANG_WARN_UNGUARDED_AVAILABILITY = YES_AGGRESSIVE;
				CLANG_WARN_UNREACHABLE_CODE = YES;
				CLANG_WARN__DUPLICATE_METHOD_MATCH = YES;
				COPY_PHASE_STRIP = NO;
				DEBUG_INFORMATION_FORMAT = dwarf;
				ENABLE_STRICT_OBJC_MSGSEND = YES;
				ENABLE_TESTABILITY = YES;
				ENABLE_USER_SCRIPT_SANDBOXING = YES;
				GCC_C_LANGUAGE_STANDARD = gnu17;
				GCC_DYNAMIC_NO_PIC = NO;
				GCC_NO_COMMON_BLOCKS = YES;
				GCC_OPTIMIZATION_LEVEL = 0;
				GCC_PREPROCESSOR_DEFINITIONS = (
					"DEBUG=1",
					"$(inherited)",
				);
				GCC_WARN_64_TO_32_BIT_CONVERSION = YES;
				GCC_WARN_ABOUT_RETURN_TYPE = YES_ERROR;
				GCC_WARN_UNDECLARED_SELECTOR = YES;
				GCC_WARN_UNINITIALIZED_AUTOS = YES_AGGRESSIVE;
				GCC_WARN_UNUSED_FUNCTION = YES;
				GCC_WARN_UNUSED_VARIABLE = YES;
				IPHONEOS_DEPLOYMENT_TARGET = 18.5;
				LOCALIZATION_PREFERS_STRING_CATALOGS = YES;
				MTL_ENABLE_DEBUG_INFO = INCLUDE_SOURCE;
				MTL_FAST_MATH = YES;
				ONLY_ACTIVE_ARCH = YES;
				SDKROOT = iphoneos;
				SWIFT_ACTIVE_COMPILATION_CONDITIONS = "DEBUG $(inherited)";
				SWIFT_OPTIMIZATION_LEVEL = "-Onone";
			};
			name = Debug;
		};
		43DB8ED32EBAA8BF0072084E /* Release */ = {
			isa = XCBuildConfiguration;
			buildSettings = {
				ALWAYS_SEARCH_USER_PATHS = NO;
				ASSETCATALOG_COMPILER_GENERATE_SWIFT_ASSET_SYMBOL_EXTENSIONS = YES;
				CLANG_ANALYZER_NONNULL = YES;
				CLANG_ANALYZER_NUMBER_OBJECT_CONVERSION = YES_AGGRESSIVE;
				CLANG_CXX_LANGUAGE_STANDARD = "gnu++20";
				CLANG_ENABLE_MODULES = YES;
				CLANG_ENABLE_OBJC_ARC = YES;
				CLANG_ENABLE_OBJC_WEAK = YES;
				CLANG_WARN_BLOCK_CAPTURE_AUTORELEASING = YES;
				CLANG_WARN_BOOL_CONVERSION = YES;
				CLANG_WARN_COMMA = YES;
				CLANG_WARN_CONSTANT_CONVERSION = YES;
				CLANG_WARN_DEPRECATED_OBJC_IMPLEMENTATIONS = YES;
				CLANG_WARN_DIRECT_OBJC_ISA_USAGE = YES_ERROR;
				CLANG_WARN_DOCUMENTATION_COMMENTS = YES;
				CLANG_WARN_EMPTY_BODY = YES;
				CLANG_WARN_ENUM_CONVERSION = YES;
				CLANG_WARN_INFINITE_RECURSION = YES;
				CLANG_WARN_INT_CONVERSION = YES;
				CLANG_WARN_NON_LITERAL_NULL_CONVERSION = YES;
				CLANG_WARN_OBJC_IMPLICIT_RETAIN_SELF = YES;
				CLANG_WARN_OBJC_LITERAL_CONVERSION = YES;
				CLANG_WARN_OBJC_ROOT_CLASS = YES_ERROR;
				CLANG_WARN_QUOTED_INCLUDE_IN_FRAMEWORK_HEADER = YES;
				CLANG_WARN_RANGE_LOOP_ANALYSIS = YES;
				CLANG_WARN_STRICT_PROTOTYPES = YES;
				CLANG_WARN_SUSPICIOUS_MOVE = YES;
				CLANG_WARN_UNGUARDED_AVAILABILITY = YES_AGGRESSIVE;
				CLANG_WARN_UNREACHABLE_CODE = YES;
				CLANG_WARN__DUPLICATE_METHOD_MATCH = YES;
				COPY_PHASE_STRIP = NO;
				DEBUG_INFORMATION_FORMAT = "dwarf-with-dsym";
				ENABLE_NS_ASSERTIONS = NO;
				ENABLE_STRICT_OBJC_MSGSEND = YES;
				ENABLE_USER_SCRIPT_SANDBOXING = YES;
				GCC_C_LANGUAGE_STANDARD = gnu17;
				GCC_NO_COMMON_BLOCKS = YES;
				GCC_WARN_64_TO_32_BIT_CONVERSION = YES;
				GCC_WARN_ABOUT_RETURN_TYPE = YES_ERROR;
				GCC_WARN_UNDECLARED_SELECTOR = YES;
				GCC_WARN_UNINITIALIZED_AUTOS = YES_AGGRESSIVE;
				GCC_WARN_UNUSED_FUNCTION = YES;
				GCC_WARN_UNUSED_VARIABLE = YES;
				IPHONEOS_DEPLOYMENT_TARGET = 18.5;
				LOCALIZATION_PREFERS_STRING_CATALOGS = YES;
				MTL_ENABLE_DEBUG_INFO = NO;
				MTL_FAST_MATH = YES;
				SDKROOT = iphoneos;
				SWIFT_COMPILATION_MODE = wholemodule;
				VALIDATE_PRODUCT = YES;
			};
			name = Release;
		};
		43DB8ED52EBAA8BF0072084E /* Debug */ = {
			isa = XCBuildConfiguration;
			buildSettings = {
				CODE_SIGN_STYLE = Automatic;
				CURRENT_PROJECT_VERSION = 1;
				GENERATE_INFOPLIST_FILE = YES;
				INFOPLIST_FILE = "SignInPromptBlocker Extension/Info.plist";
				INFOPLIST_KEY_CFBundleDisplayName = "SignInPromptBlocker Extension";
				INFOPLIST_KEY_NSHumanReadableCopyright = "";
				IPHONEOS_DEPLOYMENT_TARGET = 15.0;
				LD_RUNPATH_SEARCH_PATHS = (
					"$(inherited)",
					"@executable_path/Frameworks",
					"@executable_path/../../Frameworks",
				);
				MARKETING_VERSION = 1.0;
				OTHER_LDFLAGS = (
					"-framework",
					SafariServices,
				);
				PRODUCT_BUNDLE_IDENTIFIER = com.yourCompany.SignInPromptBlocker.Extension;
				PRODUCT_NAME = "$(TARGET_NAME)";
				SKIP_INSTALL = YES;
				SWIFT_EMIT_LOC_STRINGS = YES;
				SWIFT_VERSION = 5.0;
				TARGETED_DEVICE_FAMILY = "1,2";
			};
			name = Debug;
		};
		43DB8ED62EBAA8BF0072084E /* Release */ = {
			isa = XCBuildConfiguration;
			buildSettings = {
				CODE_SIGN_STYLE = Automatic;
				CURRENT_PROJECT_VERSION = 1;
				GENERATE_INFOPLIST_FILE = YES;
				INFOPLIST_FILE = "SignInPromptBlocker Extension/Info.plist";
				INFOPLIST_KEY_CFBundleDisplayName = "SignInPromptBlocker Extension";
				INFOPLIST_KEY_NSHumanReadableCopyright = "";
				IPHONEOS_DEPLOYMENT_TARGET = 15.0;
				LD_RUNPATH_SEARCH_PATHS = (
					"$(inherited)",
					"@executable_path/Frameworks",
					"@executable_path/../../Frameworks",
				);
				MARKETING_VERSION = 1.0;
				OTHER_LDFLAGS = (
					"-framework",
					SafariServices,
				);
				PRODUCT_BUNDLE_IDENTIFIER = com.yourCompany.SignInPromptBlocker.Extension;
				PRODUCT_NAME = "$(TARGET_NAME)";
				SKIP_INSTALL = YES;
				SWIFT_EMIT_LOC_STRINGS = YES;
				SWIFT_VERSION = 5.0;
				TARGETED_DEVICE_FAMILY = "1,2";
			};
			name = Release;
		};
		43DB8ED92EBAA8BF0072084E /* Debug */ = {
			isa = XCBuildConfiguration;
			buildSettings = {
				ASSETCATALOG_COMPILER_APPICON_NAME = AppIcon;
				ASSETCATALOG_COMPILER_GLOBAL_ACCENT_COLOR_NAME = AccentColor;
				CODE_SIGN_STYLE = Automatic;
				CURRENT_PROJECT_VERSION = 1;
				GENERATE_INFOPLIST_FILE = YES;
				INFOPLIST_FILE = SignInPromptBlocker/Info.plist;
				INFOPLIST_KEY_CFBundleDisplayName = SignInPromptBlocker;
				INFOPLIST_KEY_UIApplicationSupportsIndirectInputEvents = YES;
				INFOPLIST_KEY_UILaunchStoryboardName = LaunchScreen;
				INFOPLIST_KEY_UIMainStoryboardFile = Main;
				INFOPLIST_KEY_UISupportedInterfaceOrientations_iPad = "UIInterfaceOrientationPortrait UIInterfaceOrientationPortraitUpsideDown UIInterfaceOrientationLandscapeLeft UIInterfaceOrientationLandscapeRight";
				INFOPLIST_KEY_UISupportedInterfaceOrientations_iPhone = "UIInterfaceOrientationPortrait UIInterfaceOrientationLandscapeLeft UIInterfaceOrientationLandscapeRight";
				IPHONEOS_DEPLOYMENT_TARGET = 15.0;
				LD_RUNPATH_SEARCH_PATHS = (
					"$(inherited)",
					"@executable_path/Frameworks",
				);
				MARKETING_VERSION = 1.0;
				OTHER_LDFLAGS = (
					"-framework",
					SafariServices,
					"-framework",
					WebKit,
				);
				PRODUCT_BUNDLE_IDENTIFIER = com.yourCompany.SignInPromptBlocker;
				PRODUCT_NAME = "$(TARGET_NAME)";
				SWIFT_EMIT_LOC_STRINGS = YES;
				SWIFT_VERSION = 5.0;
				TARGETED_DEVICE_FAMILY = "1,2";
			};
			name = Debug;
		};
		43DB8EDA2EBAA8BF0072084E /* Release */ = {
			isa = XCBuildConfiguration;
			buildSettings = {
				ASSETCATALOG_COMPILER_APPICON_NAME = AppIcon;
				ASSETCATALOG_COMPILER_GLOBAL_ACCENT_COLOR_NAME = AccentColor;
				CODE_SIGN_STYLE = Automatic;
				CURRENT_PROJECT_VERSION = 1;
				GENERATE_INFOPLIST_FILE = YES;
				INFOPLIST_FILE = SignInPromptBlocker/Info.plist;
				INFOPLIST_KEY_CFBundleDisplayName = SignInPromptBlocker;
				INFOPLIST_KEY_UIApplicationSupportsIndirectInputEvents = YES;
				INFOPLIST_KEY_UILaunchStoryboardName = LaunchScreen;
				INFOPLIST_KEY_UIMainStoryboardFile = Main;
				INFOPLIST_KEY_UISupportedInterfaceOrientations_iPad = "UIInterfaceOrientationPortrait UIInterfaceOrientationPortraitUpsideDown UIInterfaceOrientationLandscapeLeft UIInterfaceOrientationLandscapeRight";
				INFOPLIST_KEY_UISupportedInterfaceOrientations_iPhone = "UIInterfaceOrientationPortrait UIInterfaceOrientationLandscapeLeft UIInterfaceOrientationLandscapeRight";
				IPHONEOS_DEPLOYMENT_TARGET = 15.0;
				LD_RUNPATH_SEARCH_PATHS = (
					"$(inherited)",
					"@executable_path/Frameworks",
				);
				MARKETING_VERSION = 1.0;
				OTHER_LDFLAGS = (
					"-framework",
					SafariServices,
					"-framework",
					WebKit,
				);
				PRODUCT_BUNDLE_IDENTIFIER = com.yourCompany.SignInPromptBlocker;
				PRODUCT_NAME = "$(TARGET_NAME)";
				SWIFT_EMIT_LOC_STRINGS = YES;
				SWIFT_VERSION = 5.0;
				TARGETED_DEVICE_FAMILY = "1,2";
			};
			name = Release;
		};
		43DB8EDC2EBAA8BF0072084E /* Debug */ = {
			isa = XCBuildConfiguration;
			buildSettings = {
				BUNDLE_LOADER = "$(TEST_HOST)";
				CODE_SIGN_STYLE = Automatic;
				CURRENT_PROJECT_VERSION = 1;
				GENERATE_INFOPLIST_FILE = YES;
				IPHONEOS_DEPLOYMENT_TARGET = 15.0;
				MARKETING_VERSION = 1.0;
				PRODUCT_BUNDLE_IDENTIFIER = com.yourCompany.SignInPromptBlockerTests;
				PRODUCT_NAME = "$(TARGET_NAME)";
				SWIFT_EMIT_LOC_STRINGS = NO;
				SWIFT_VERSION = 5.0;
				TARGETED_DEVICE_FAMILY = "1,2";
				TEST_HOST = "$(BUILT_PRODUCTS_DIR)/SignInPromptBlocker.app/$(BUNDLE_EXECUTABLE_FOLDER_PATH)/SignInPromptBlocker";
			};
			name = Debug;
		};
		43DB8EDD2EBAA8BF0072084E /* Release */ = {
			isa = XCBuildConfiguration;
			buildSettings = {
				BUNDLE_LOADER = "$(TEST_HOST)";
				CODE_SIGN_STYLE = Automatic;
				CURRENT_PROJECT_VERSION = 1;
				GENERATE_INFOPLIST_FILE = YES;
				IPHONEOS_DEPLOYMENT_TARGET = 15.0;
				MARKETING_VERSION = 1.0;
				PRODUCT_BUNDLE_IDENTIFIER = com.yourCompany.SignInPromptBlockerTests;
				PRODUCT_NAME = "$(TARGET_NAME)";
				SWIFT_EMIT_LOC_STRINGS = NO;
				SWIFT_VERSION = 5.0;
				TARGETED_DEVICE_FAMILY = "1,2";
				TEST_HOST = "$(BUILT_PRODUCTS_DIR)/SignInPromptBlocker.app/$(BUNDLE_EXECUTABLE_FOLDER_PATH)/SignInPromptBlocker";
			};
			name = Release;
		};
		43DB8EDF2EBAA8BF0072084E /* Debug */ = {
			isa = XCBuildConfiguration;
			buildSettings = {
				CODE_SIGN_STYLE = Automatic;
				CURRENT_PROJECT_VERSION = 1;
				GENERATE_INFOPLIST_FILE = YES;
				MARKETING_VERSION = 1.0;
				PRODUCT_BUNDLE_IDENTIFIER = com.yourCompany.SignInPromptBlockerUITests;
				PRODUCT_NAME = "$(TARGET_NAME)";
				SWIFT_EMIT_LOC_STRINGS = NO;
				SWIFT_VERSION = 5.0;
				TARGETED_DEVICE_FAMILY = "1,2";
				TEST_TARGET_NAME = SignInPromptBlocker;
			};
			name = Debug;
		};
		43DB8EE02EBAA8BF0072084E /* Release */ = {
			isa = XCBuildConfiguration;
			buildSettings = {
				CODE_SIGN_STYLE = Automatic;
				CURRENT_PROJECT_VERSION = 1;
				GENERATE_INFOPLIST_FILE = YES;
				MARKETING_VERSION = 1.0;
				PRODUCT_BUNDLE_IDENTIFIER = com.yourCompany.SignInPromptBlockerUITests;
				PRODUCT_NAME = "$(TARGET_NAME)";
				SWIFT_EMIT_LOC_STRINGS = NO;
				SWIFT_VERSION = 5.0;
				TARGETED_DEVICE_FAMILY = "1,2";
				TEST_TARGET_NAME = SignInPromptBlocker;
			};
			name = Release;
		};
/* End XCBuildConfiguration section */

/* Begin XCConfigurationList section */
		43DB8E912EBAA8BA0072084E /* Build configuration list for PBXProject "SignInPromptBlocker" */ = {
			isa = XCConfigurationList;
			buildConfigurations = (
				43DB8ED22EBAA8BF0072084E /* Debug */,
				43DB8ED32EBAA8BF0072084E /* Release */,
			);
			defaultConfigurationIsVisible = 0;
			defaultConfigurationName = Release;
		};
		43DB8ED42EBAA8BF0072084E /* Build configuration list for PBXNativeTarget "SignInPromptBlocker Extension" */ = {
			isa = XCConfigurationList;
			buildConfigurations = (
				43DB8ED52EBAA8BF0072084E /* Debug */,
				43DB8ED62EBAA8BF0072084E /* Release */,
			);
			defaultConfigurationIsVisible = 0;
			defaultConfigurationName = Release;
		};
		43DB8ED82EBAA8BF0072084E /* Build configuration list for PBXNativeTarget "SignInPromptBlocker" */ = {
			isa = XCConfigurationList;
			buildConfigurations = (
				43DB8ED92EBAA8BF0072084E /* Debug */,
				43DB8EDA2EBAA8BF0072084E /* Release */,
			);
			defaultConfigurationIsVisible = 0;
			defaultConfigurationName = Release;
		};
		43DB8EDB2EBAA8BF0072084E /* Build configuration list for PBXNativeTarget "SignInPromptBlockerTests" */ = {
			isa = XCConfigurationList;
			buildConfigurations = (
				43DB8EDC2EBAA8BF0072084E /* Debug */,
				43DB8EDD2EBAA8BF0072084E /* Release */,
			);
			defaultConfigurationIsVisible = 0;
			defaultConfigurationName = Release;
		};
		43DB8EDE2EBAA8BF0072084E /* Build configuration list for PBXNativeTarget "SignInPromptBlockerUITests" */ = {
			isa = XCConfigurationList;
			buildConfigurations = (
				43DB8EDF2EBAA8BF0072084E /* Debug */,
				43DB8EE02EBAA8BF0072084E /* Release */,
			);
			defaultConfigurationIsVisible = 0;
			defaultConfigurationName = Release;
		};
/* End XCConfigurationList section */
	};
	rootObject = 43DB8E8E2EBAA8BA0072084E /* Project object */;
}
